{
  "name": "efatrafficdata-analysis",
  "version": "1.0.0",
  "lockfileVersion": 2,
  "requires": true,
  "packages": {
    "": {
      "name": "efatrafficdata-analysis",
      "version": "1.0.0",
      "license": "ISC",
      "dependencies": {
        "mappa-mundi": "^1.0.1",
        "p5": "^1.4.0"
      },
      "devDependencies": {
        "@types/mapbox-gl": "^0.43.3",
        "@types/p5": "^1.3.1",
        "typescript": "^4.5.3"
      }
    },
    "node_modules/@types/geojson": {
      "version": "7946.0.8",
      "resolved": "https://registry.npmjs.org/@types/geojson/-/geojson-7946.0.8.tgz",
      "integrity": "sha512-1rkryxURpr6aWP7R786/UQOkJ3PcpQiWkAXBmdWc7ryFWqN6a4xfK7BtjXvFBKO9LjQ+MWQSWxYeZX1OApnArA==",
      "dev": true
    },
    "node_modules/@types/mapbox-gl": {
      "version": "0.43.3",
      "resolved": "https://registry.npmjs.org/@types/mapbox-gl/-/mapbox-gl-0.43.3.tgz",
      "integrity": "sha512-XWfAU/kbqYwPrgSlsK6jXvRf8zS58h/B4l4tIuXMHgUmtjel2AoxD9EMZGmIn5DftbHlNkEUr2xpKj50A5Lu5g==",
      "dev": true,
      "dependencies": {
        "@types/geojson": "*"
      }
    },
    "node_modules/@types/p5": {
      "version": "1.3.1",
      "resolved": "https://registry.npmjs.org/@types/p5/-/p5-1.3.1.tgz",
      "integrity": "sha512-Z/rBqimKVE4u2H+BDLxocBBMhufJiUYcC5IMcSRTfwhu5bf5ImUZHlFQUSDa2EMlB08wtk2DGijU4BmILk0w+A==",
      "dev": true
    },
    "node_modules/mappa-mundi": {
      "version": "1.0.1",
      "resolved": "https://registry.npmjs.org/mappa-mundi/-/mappa-mundi-1.0.1.tgz",
      "integrity": "sha1-rhWGuERHWkFjDXfsJtuKLxhSP7Q="
    },
    "node_modules/p5": {
      "version": "1.4.0",
      "resolved": "https://registry.npmjs.org/p5/-/p5-1.4.0.tgz",
      "integrity": "sha512-U888W2ChcIzPhRhnv4FkNhaa4f5BDIWZfLhzvx9ZrQ5KtkZr/+o1UPIicV3yWTRy0HEG23NviHyDR3kgjaJ9wA=="
    },
    "node_modules/typescript": {
      "version": "4.5.3",
      "resolved": "https://registry.npmjs.org/typescript/-/typescript-4.5.3.tgz",
      "integrity": "sha512-eVYaEHALSt+s9LbvgEv4Ef+Tdq7hBiIZgii12xXJnukryt3pMgJf6aKhoCZ3FWQsu6sydEnkg11fYXLzhLBjeQ==",
      "dev": true,
      "bin": {
        "tsc": "bin/tsc",
        "tsserver": "bin/tsserver"
      },
      "engines": {
        "node": ">=4.2.0"
      }
    }
  },
  "dependencies": {
    "@types/geojson": {
      "version": "7946.0.8",
      "resolved": "https://registry.npmjs.org/@types/geojson/-/geojson-7946.0.8.tgz",
      "integrity": "sha512-1rkryxURpr6aWP7R786/UQOkJ3PcpQiWkAXBmdWc7ryFWqN6a4xfK7BtjXvFBKO9LjQ+MWQSWxYeZX1OApnArA==",
      "dev": true
    },
    "@types/mapbox-gl": {
      "version": "0.43.3",
      "resolved": "https://registry.npmjs.org/@types/mapbox-gl/-/mapbox-gl-0.43.3.tgz",
      "integrity": "sha512-XWfAU/kbqYwPrgSlsK6jXvRf8zS58h/B4l4tIuXMHgUmtjel2AoxD9EMZGmIn5DftbHlNkEUr2xpKj50A5Lu5g==",
      "dev": true,
      "requires": {
        "@types/geojson": "*"
      }
    },
    "@types/p5": {
      "version": "1.3.1",
      "resolved": "https://registry.npmjs.org/@types/p5/-/p5-1.3.1.tgz",
      "integrity": "sha512-Z/rBqimKVE4u2H+BDLxocBBMhufJiUYcC5IMcSRTfwhu5bf5ImUZHlFQUSDa2EMlB08wtk2DGijU4BmILk0w+A==",
      "dev": true
    },
    "mappa-mundi": {
      "version": "1.0.1",
      "resolved": "https://registry.npmjs.org/mappa-mundi/-/mappa-mundi-1.0.1.tgz",
      "integrity": "sha1-rhWGuERHWkFjDXfsJtuKLxhSP7Q="
    },
    "p5": {
      "version": "1.4.0",
      "resolved": "https://registry.npmjs.org/p5/-/p5-1.4.0.tgz",
      "integrity": "sha512-U888W2ChcIzPhRhnv4FkNhaa4f5BDIWZfLhzvx9ZrQ5KtkZr/+o1UPIicV3yWTRy0HEG23NviHyDR3kgjaJ9wA=="
    },
    "typescript": {
      "version": "4.5.3",
      "resolved": "https://registry.npmjs.org/typescript/-/typescript-4.5.3.tgz",
      "integrity": "sha512-eVYaEHALSt+s9LbvgEv4Ef+Tdq7hBiIZgii12xXJnukryt3pMgJf6aKhoCZ3FWQsu6sydEnkg11fYXLzhLBjeQ==",
      "dev": true
    }
  }
}
